
Microsoft Visual Studio Solution File, Format Version 12.00
# Visual Studio 15
VisualStudioVersion = 15.0.27004.2002
MinimumVisualStudioVersion = 10.0.40219.1
Project("{FAE04EC0-301F-11D3-BF4B-00C04F79EFBC}") = "OnlineAtttendance", "OnlineAtttendance.\OnlineAtttendance.csproj", "{19A5F769-D95D-45CA-B1E2-9310FC007F5F}"
EndProject
Global
	GlobalSection(SolutionConfigurationPlatforms) = preSolution
		Debug|Any CPU = Debug|Any CPU
		Release|Any CPU = Release|Any CPU
	EndGlobalSection
	GlobalSection(ProjectConfigurationPlatforms) = postSolution
		{19A5F769-D95D-45CA-B1E2-9310FC007F5F}.Debug|Any CPU.ActiveCfg = Debug|Any CPU
		{19A5F769-D95D-45CA-B1E2-9310FC007F5F}.Debug|Any CPU.Build.0 = Debug|Any CPU
		{19A5F769-D95D-45CA-B1E2-9310FC007F5F}.Release|Any CPU.ActiveCfg = Release|Any CPU
		{19A5F769-D95D-45CA-B1E2-9310FC007F5F}.Release|Any CPU.Build.0 = Release|Any CPU
	EndGlobalSection
	GlobalSection(SolutionProperties) = preSolution
		HideSolutionNode = FALSE
	EndGlobalSection
	GlobalSection(ExtensibilityGlobals) = postSolution
		SolutionGuid = {47D8FE65-BEAA-4A0F-BE33-7825811FFDF2}
	EndGlobalSection
EndGlobal
